
Microsoft Visual Studio Solution File, Format Version 12.00
# Visual Studio Version 17
VisualStudioVersion = 17.14.36804.6 d17.14
MinimumVisualStudioVersion = 10.0.40219.1
Project("{FAE04EC0-301F-11D3-BF4B-00C04F79EFBC}") = "Referenzen", "Referenzen\Referenzen.csproj", "{CC897FB9-4D04-4887-996D-46996B5C976D}"
EndProject
Global
	GlobalSection(SolutionConfigurationPlatforms) = preSolution
		Debug|Any CPU = Debug|Any CPU
		Release|Any CPU = Release|Any CPU
	EndGlobalSection
	GlobalSection(ProjectConfigurationPlatforms) = postSolution
		{CC897FB9-4D04-4887-996D-46996B5C976D}.Debug|Any CPU.ActiveCfg = Debug|Any CPU
		{CC897FB9-4D04-4887-996D-46996B5C976D}.Debug|Any CPU.Build.0 = Debug|Any CPU
		{CC897FB9-4D04-4887-996D-46996B5C976D}.Release|Any CPU.ActiveCfg = Release|Any CPU
		{CC897FB9-4D04-4887-996D-46996B5C976D}.Release|Any CPU.Build.0 = Release|Any CPU
	EndGlobalSection
	GlobalSection(SolutionProperties) = preSolution
		HideSolutionNode = FALSE
	EndGlobalSection
	GlobalSection(ExtensibilityGlobals) = postSolution
		SolutionGuid = {497ED724-2B72-45AB-9D8F-114621BD5AAE}
	EndGlobalSection
EndGlobal
